// !$*UTF8*$!
{
	archiveVersion = 1;
	classes = {
	};
	objectVersion = 48;
	objects = {

/* Begin PBXBuildFile section */
		BD2860602015FC68001E96B0 /* LetterManager.m in Sources */ = {isa = PBXBuildFile; fileRef = BD28605F2015FC68001E96B0 /* LetterManager.m */; };
		BD2CCF8620184EF500D852D6 /* TDGameScene.m in Sources */ = {isa = PBXBuildFile; fileRef = BD2CCF8520184EF500D852D6 /* TDGameScene.m */; };
		BD2CCF8920184FE000D852D6 /* TopDownPlane.m in Sources */ = {isa = PBXBuildFile; fileRef = BD2CCF8820184FE000D852D6 /* TopDownPlane.m */; };
		BD9A10742015BF6000DBC209 /* AppDelegate.m in Sources */ = {isa = PBXBuildFile; fileRef = BD9A10732015BF6000DBC209 /* AppDelegate.m */; };
		BD9A107B2015BF6000DBC209 /* GameScene.m in Sources */ = {isa = PBXBuildFile; fileRef = BD9A107A2015BF6000DBC209 /* GameScene.m */; };
		BD9A107E2015BF6000DBC209 /* GameViewController.m in Sources */ = {isa = PBXBuildFile; fileRef = BD9A107D2015BF6000DBC209 /* GameViewController.m */; };
		BD9A10812015BF6100DBC209 /* Main.storyboard in Resources */ = {isa = PBXBuildFile; fileRef = BD9A107F2015BF6100DBC209 /* Main.storyboard */; };
		BD9A10832015BF6100DBC209 /* Assets.xcassets in Resources */ = {isa = PBXBuildFile; fileRef = BD9A10822015BF6100DBC209 /* Assets.xcassets */; };
		BD9A10862015BF6100DBC209 /* LaunchScreen.storyboard in Resources */ = {isa = PBXBuildFile; fileRef = BD9A10842015BF6100DBC209 /* LaunchScreen.storyboard */; };
		BD9A10892015BF6100DBC209 /* main.m in Sources */ = {isa = PBXBuildFile; fileRef = BD9A10882015BF6100DBC209 /* main.m */; };
		BD9A10932015BF6100DBC209 /* Letter_Mischief_MadnessTests.m in Sources */ = {isa = PBXBuildFile; fileRef = BD9A10922015BF6100DBC209 /* Letter_Mischief_MadnessTests.m */; };
		BD9A109E2015BF6100DBC209 /* Letter_Mischief_MadnessUITests.m in Sources */ = {isa = PBXBuildFile; fileRef = BD9A109D2015BF6100DBC209 /* Letter_Mischief_MadnessUITests.m */; };
		BD9A10AD2015C18F00DBC209 /* GKRandomDistribution+ScreenPoints.m in Sources */ = {isa = PBXBuildFile; fileRef = BD9A10AC2015C18F00DBC209 /* GKRandomDistribution+ScreenPoints.m */; };
		BD9A10B02015C2A700DBC209 /* Constants.m in Sources */ = {isa = PBXBuildFile; fileRef = BD9A10AF2015C2A700DBC209 /* Constants.m */; };
		BD9A10B42015C85200DBC209 /* RandomPointGenerator.m in Sources */ = {isa = PBXBuildFile; fileRef = BD9A10B32015C85200DBC209 /* RandomPointGenerator.m */; };
		BD9A10B82015D1F000DBC209 /* NSString+StringHelperMethods.m in Sources */ = {isa = PBXBuildFile; fileRef = BD9A10B72015D1F000DBC209 /* NSString+StringHelperMethods.m */; };
		BD9D44D920188973001D9745 /* MissileLauncher.m in Sources */ = {isa = PBXBuildFile; fileRef = BD9D44D820188973001D9745 /* MissileLauncher.m */; };
		BD9D44DB20188F48001D9745 /* TopDownBGTiles.sks in Resources */ = {isa = PBXBuildFile; fileRef = BD9D44DA20188F48001D9745 /* TopDownBGTiles.sks */; };
		BD9D44DD20189173001D9745 /* TopDownBG1.sks in Resources */ = {isa = PBXBuildFile; fileRef = BD9D44DC20189173001D9745 /* TopDownBG1.sks */; };
		BD9E898A2016134F00A0EC06 /* Plan.rtf in Resources */ = {isa = PBXBuildFile; fileRef = BD9E89892016134F00A0EC06 /* Plan.rtf */; };
		BDAA12CD2015E38100EE2458 /* Cloud.m in Sources */ = {isa = PBXBuildFile; fileRef = BDAA12CC2015E38100EE2458 /* Cloud.m */; };
		BDAA12D02015ED5900EE2458 /* stars.sks in Resources */ = {isa = PBXBuildFile; fileRef = BDAA12CF2015ED5900EE2458 /* stars.sks */; };
		BDAA12D42015EDC900EE2458 /* smoke.sks in Resources */ = {isa = PBXBuildFile; fileRef = BDAA12D32015EDC900EE2458 /* smoke.sks */; };
		BDAA12D62015EDDB00EE2458 /* fire.sks in Resources */ = {isa = PBXBuildFile; fileRef = BDAA12D52015EDDB00EE2458 /* fire.sks */; };
		BDAA12E02015F32F00EE2458 /* Mishief-Stroll.mp3 in Resources */ = {isa = PBXBuildFile; fileRef = BDAA12DE2015F32600EE2458 /* Mishief-Stroll.mp3 */; };
		BDAA12E12015F33200EE2458 /* Mission-Plausible.mp3 in Resources */ = {isa = PBXBuildFile; fileRef = BDAA12DF2015F32600EE2458 /* Mission-Plausible.mp3 */; };
		BDAA12E32015F39D00EE2458 /* Letter.m in Sources */ = {isa = PBXBuildFile; fileRef = BDAA12E22015F39D00EE2458 /* Letter.m */; };
		BDC33A032019998C004C7ED1 /* TargetWordArray.m in Sources */ = {isa = PBXBuildFile; fileRef = BDC33A022019998C004C7ED1 /* TargetWordArray.m */; };
		BDD9A7A32017299200670EF1 /* WordManager.m in Sources */ = {isa = PBXBuildFile; fileRef = BDD9A7A22017299200670EF1 /* WordManager.m */; };
		BDD9A7A7201732A700670EF1 /* Spikeman.m in Sources */ = {isa = PBXBuildFile; fileRef = BDD9A7A6201732A700670EF1 /* Spikeman.m */; };
/* End PBXBuildFile section */

/* Begin PBXContainerItemProxy section */
		BD9A108F2015BF6100DBC209 /* PBXContainerItemProxy */ = {
			isa = PBXContainerItemProxy;
			containerPortal = BD9A10672015BF6000DBC209 /* Project object */;
			proxyType = 1;
			remoteGlobalIDString = BD9A106E2015BF6000DBC209;
			remoteInfo = "Letter Mischief Madness";
		};
		BD9A109A2015BF6100DBC209 /* PBXContainerItemProxy */ = {
			isa = PBXContainerItemProxy;
			containerPortal = BD9A10672015BF6000DBC209 /* Project object */;
			proxyType = 1;
			remoteGlobalIDString = BD9A106E2015BF6000DBC209;
			remoteInfo = "Letter Mischief Madness";
		};
/* End PBXContainerItemProxy section */

/* Begin PBXFileReference section */
		BD0E5785201748C9006218CC /* LetterDelegate.h */ = {isa = PBXFileReference; lastKnownFileType = sourcecode.c.h; path = LetterDelegate.h; sourceTree = "<group>"; };
		BD0E5786201751FF006218CC /* EnemyType.h */ = {isa = PBXFileReference; lastKnownFileType = sourcecode.c.h; path = EnemyType.h; sourceTree = "<group>"; };
		BD0E578720175629006218CC /* ContactBitMasks.h */ = {isa = PBXFileReference; lastKnownFileType = sourcecode.c.h; path = ContactBitMasks.h; sourceTree = "<group>"; };
		BD28605F2015FC68001E96B0 /* LetterManager.m */ = {isa = PBXFileReference; lastKnownFileType = sourcecode.c.objc; path = LetterManager.m; sourceTree = "<group>"; };
		BD2860612015FC81001E96B0 /* LetterManager.h */ = {isa = PBXFileReference; lastKnownFileType = sourcecode.c.h; path = LetterManager.h; sourceTree = "<group>"; };
		BD2CCF8420184EE400D852D6 /* TDGameScene.h */ = {isa = PBXFileReference; lastKnownFileType = sourcecode.c.h; path = TDGameScene.h; sourceTree = "<group>"; };
		BD2CCF8520184EF500D852D6 /* TDGameScene.m */ = {isa = PBXFileReference; lastKnownFileType = sourcecode.c.objc; path = TDGameScene.m; sourceTree = "<group>"; };
		BD2CCF8820184FE000D852D6 /* TopDownPlane.m */ = {isa = PBXFileReference; lastKnownFileType = sourcecode.c.objc; path = TopDownPlane.m; sourceTree = "<group>"; };
		BD2CCF8A20184FEA00D852D6 /* TopDownPlane.h */ = {isa = PBXFileReference; lastKnownFileType = sourcecode.c.h; path = TopDownPlane.h; sourceTree = "<group>"; };
		BD9A106F2015BF6000DBC209 /* Letter Mischief Madness.app */ = {isa = PBXFileReference; explicitFileType = wrapper.application; includeInIndex = 0; path = "Letter Mischief Madness.app"; sourceTree = BUILT_PRODUCTS_DIR; };
		BD9A10722015BF6000DBC209 /* AppDelegate.h */ = {isa = PBXFileReference; lastKnownFileType = sourcecode.c.h; path = AppDelegate.h; sourceTree = "<group>"; };
		BD9A10732015BF6000DBC209 /* AppDelegate.m */ = {isa = PBXFileReference; lastKnownFileType = sourcecode.c.objc; path = AppDelegate.m; sourceTree = "<group>"; };
		BD9A10792015BF6000DBC209 /* GameScene.h */ = {isa = PBXFileReference; lastKnownFileType = sourcecode.c.h; path = GameScene.h; sourceTree = "<group>"; };
		BD9A107A2015BF6000DBC209 /* GameScene.m */ = {isa = PBXFileReference; lastKnownFileType = sourcecode.c.objc; path = GameScene.m; sourceTree = "<group>"; };
		BD9A107C2015BF6000DBC209 /* GameViewController.h */ = {isa = PBXFileReference; lastKnownFileType = sourcecode.c.h; path = GameViewController.h; sourceTree = "<group>"; };
		BD9A107D2015BF6000DBC209 /* GameViewController.m */ = {isa = PBXFileReference; lastKnownFileType = sourcecode.c.objc; path = GameViewController.m; sourceTree = "<group>"; };
		BD9A10802015BF6100DBC209 /* Base */ = {isa = PBXFileReference; lastKnownFileType = file.storyboard; name = Base; path = Base.lproj/Main.storyboard; sourceTree = "<group>"; };
		BD9A10822015BF6100DBC209 /* Assets.xcassets */ = {isa = PBXFileReference; lastKnownFileType = folder.assetcatalog; path = Assets.xcassets; sourceTree = "<group>"; };
		BD9A10852015BF6100DBC209 /* Base */ = {isa = PBXFileReference; lastKnownFileType = file.storyboard; name = Base; path = Base.lproj/LaunchScreen.storyboard; sourceTree = "<group>"; };
		BD9A10872015BF6100DBC209 /* Info.plist */ = {isa = PBXFileReference; lastKnownFileType = text.plist.xml; path = Info.plist; sourceTree = "<group>"; };
		BD9A10882015BF6100DBC209 /* main.m */ = {isa = PBXFileReference; lastKnownFileType = sourcecode.c.objc; path = main.m; sourceTree = "<group>"; };
		BD9A108E2015BF6100DBC209 /* Letter Mischief MadnessTests.xctest */ = {isa = PBXFileReference; explicitFileType = wrapper.cfbundle; includeInIndex = 0; path = "Letter Mischief MadnessTests.xctest"; sourceTree = BUILT_PRODUCTS_DIR; };
		BD9A10922015BF6100DBC209 /* Letter_Mischief_MadnessTests.m */ = {isa = PBXFileReference; lastKnownFileType = sourcecode.c.objc; path = Letter_Mischief_MadnessTests.m; sourceTree = "<group>"; };
		BD9A10942015BF6100DBC209 /* Info.plist */ = {isa = PBXFileReference; lastKnownFileType = text.plist.xml; path = Info.plist; sourceTree = "<group>"; };
		BD9A10992015BF6100DBC209 /* Letter Mischief MadnessUITests.xctest */ = {isa = PBXFileReference; explicitFileType = wrapper.cfbundle; includeInIndex = 0; path = "Letter Mischief MadnessUITests.xctest"; sourceTree = BUILT_PRODUCTS_DIR; };
		BD9A109D2015BF6100DBC209 /* Letter_Mischief_MadnessUITests.m */ = {isa = PBXFileReference; lastKnownFileType = sourcecode.c.objc; path = Letter_Mischief_MadnessUITests.m; sourceTree = "<group>"; };
		BD9A109F2015BF6100DBC209 /* Info.plist */ = {isa = PBXFileReference; lastKnownFileType = text.plist.xml; path = Info.plist; sourceTree = "<group>"; };
		BD9A10AB2015C18F00DBC209 /* GKRandomDistribution+ScreenPoints.h */ = {isa = PBXFileReference; lastKnownFileType = sourcecode.c.h; path = "GKRandomDistribution+ScreenPoints.h"; sourceTree = "<group>"; };
		BD9A10AC2015C18F00DBC209 /* GKRandomDistribution+ScreenPoints.m */ = {isa = PBXFileReference; lastKnownFileType = sourcecode.c.objc; path = "GKRandomDistribution+ScreenPoints.m"; sourceTree = "<group>"; };
		BD9A10AF2015C2A700DBC209 /* Constants.m */ = {isa = PBXFileReference; lastKnownFileType = sourcecode.c.objc; path = Constants.m; sourceTree = "<group>"; };
		BD9A10B12015C2B400DBC209 /* Constants.h */ = {isa = PBXFileReference; lastKnownFileType = sourcecode.c.h; path = Constants.h; sourceTree = "<group>"; };
		BD9A10B22015C84200DBC209 /* RandomPointGenerator.h */ = {isa = PBXFileReference; lastKnownFileType = sourcecode.c.h; path = RandomPointGenerator.h; sourceTree = "<group>"; };
		BD9A10B32015C85200DBC209 /* RandomPointGenerator.m */ = {isa = PBXFileReference; lastKnownFileType = sourcecode.c.objc; path = RandomPointGenerator.m; sourceTree = "<group>"; };
		BD9A10B52015CAFE00DBC209 /* ScreenConstants.h */ = {isa = PBXFileReference; lastKnownFileType = sourcecode.c.h; path = ScreenConstants.h; sourceTree = "<group>"; };
		BD9A10B62015D1F000DBC209 /* NSString+StringHelperMethods.h */ = {isa = PBXFileReference; lastKnownFileType = sourcecode.c.h; path = "NSString+StringHelperMethods.h"; sourceTree = "<group>"; };
		BD9A10B72015D1F000DBC209 /* NSString+StringHelperMethods.m */ = {isa = PBXFileReference; lastKnownFileType = sourcecode.c.objc; path = "NSString+StringHelperMethods.m"; sourceTree = "<group>"; };
		BD9A10B92015DBBA00DBC209 /* WordManager.h */ = {isa = PBXFileReference; lastKnownFileType = sourcecode.c.h; path = WordManager.h; sourceTree = "<group>"; };
		BD9A10BA2015DD8900DBC209 /* Letter.h */ = {isa = PBXFileReference; lastKnownFileType = sourcecode.c.h; path = Letter.h; sourceTree = "<group>"; };
		BD9D44D72018895E001D9745 /* MissileLauncher.h */ = {isa = PBXFileReference; lastKnownFileType = sourcecode.c.h; path = MissileLauncher.h; sourceTree = "<group>"; };
		BD9D44D820188973001D9745 /* MissileLauncher.m */ = {isa = PBXFileReference; lastKnownFileType = sourcecode.c.objc; path = MissileLauncher.m; sourceTree = "<group>"; };
		BD9D44DA20188F48001D9745 /* TopDownBGTiles.sks */ = {isa = PBXFileReference; lastKnownFileType = file.sks; path = TopDownBGTiles.sks; sourceTree = "<group>"; };
		BD9D44DC20189173001D9745 /* TopDownBG1.sks */ = {isa = PBXFileReference; lastKnownFileType = file.sks; path = TopDownBG1.sks; sourceTree = "<group>"; };
		BD9D44DE2018A478001D9745 /* WordManagerDataSource.h */ = {isa = PBXFileReference; lastKnownFileType = sourcecode.c.h; path = WordManagerDataSource.h; sourceTree = "<group>"; };
		BD9E89892016134F00A0EC06 /* Plan.rtf */ = {isa = PBXFileReference; lastKnownFileType = text.rtf; path = Plan.rtf; sourceTree = "<group>"; };
		BDAA12CB2015E28100EE2458 /* Cloud.h */ = {isa = PBXFileReference; lastKnownFileType = sourcecode.c.h; path = Cloud.h; sourceTree = "<group>"; };
		BDAA12CC2015E38100EE2458 /* Cloud.m */ = {isa = PBXFileReference; lastKnownFileType = sourcecode.c.objc; path = Cloud.m; sourceTree = "<group>"; };
		BDAA12CE2015EC3C00EE2458 /* SpawnPointManager.h */ = {isa = PBXFileReference; lastKnownFileType = sourcecode.c.h; path = SpawnPointManager.h; sourceTree = "<group>"; };
		BDAA12CF2015ED5900EE2458 /* stars.sks */ = {isa = PBXFileReference; lastKnownFileType = file.sks; path = stars.sks; sourceTree = "<group>"; };
		BDAA12D32015EDC900EE2458 /* smoke.sks */ = {isa = PBXFileReference; lastKnownFileType = file.sks; path = smoke.sks; sourceTree = "<group>"; };
		BDAA12D52015EDDB00EE2458 /* fire.sks */ = {isa = PBXFileReference; lastKnownFileType = file.sks; path = fire.sks; sourceTree = "<group>"; };
		BDAA12DE2015F32600EE2458 /* Mishief-Stroll.mp3 */ = {isa = PBXFileReference; lastKnownFileType = audio.mp3; path = "Mishief-Stroll.mp3"; sourceTree = "<group>"; };
		BDAA12DF2015F32600EE2458 /* Mission-Plausible.mp3 */ = {isa = PBXFileReference; lastKnownFileType = audio.mp3; path = "Mission-Plausible.mp3"; sourceTree = "<group>"; };
		BDAA12E22015F39D00EE2458 /* Letter.m */ = {isa = PBXFileReference; lastKnownFileType = sourcecode.c.objc; path = Letter.m; sourceTree = "<group>"; };
		BDC33A0120199966004C7ED1 /* TargetWordArray.h */ = {isa = PBXFileReference; lastKnownFileType = sourcecode.c.h; path = TargetWordArray.h; sourceTree = "<group>"; };
		BDC33A022019998C004C7ED1 /* TargetWordArray.m */ = {isa = PBXFileReference; lastKnownFileType = sourcecode.c.objc; path = TargetWordArray.m; sourceTree = "<group>"; };
		BDC33A042019A549004C7ED1 /* WordManagerDelegate.h */ = {isa = PBXFileReference; lastKnownFileType = sourcecode.c.h; path = WordManagerDelegate.h; sourceTree = "<group>"; };
		BDD9A7A22017299200670EF1 /* WordManager.m */ = {isa = PBXFileReference; lastKnownFileType = sourcecode.c.objc; path = WordManager.m; sourceTree = "<group>"; };
		BDD9A7A52017327300670EF1 /* Spikeman.h */ = {isa = PBXFileReference; lastKnownFileType = sourcecode.c.h; path = Spikeman.h; sourceTree = "<group>"; };
		BDD9A7A6201732A700670EF1 /* Spikeman.m */ = {isa = PBXFileReference; lastKnownFileType = sourcecode.c.objc; path = Spikeman.m; sourceTree = "<group>"; };
/* End PBXFileReference section */

/* Begin PBXFrameworksBuildPhase section */
		BD9A106C2015BF6000DBC209 /* Frameworks */ = {
			isa = PBXFrameworksBuildPhase;
			buildActionMask = 2147483647;
			files = (
			);
			runOnlyForDeploymentPostprocessing = 0;
		};
		BD9A108B2015BF6100DBC209 /* Frameworks */ = {
			isa = PBXFrameworksBuildPhase;
			buildActionMask = 2147483647;
			files = (
			);
			runOnlyForDeploymentPostprocessing = 0;
		};
		BD9A10962015BF6100DBC209 /* Frameworks */ = {
			isa = PBXFrameworksBuildPhase;
			buildActionMask = 2147483647;
			files = (
			);
			runOnlyForDeploymentPostprocessing = 0;
		};
/* End PBXFrameworksBuildPhase section */

/* Begin PBXGroup section */
		BD28605E2015FC4F001E96B0 /* LetterUtils */ = {
			isa = PBXGroup;
			children = (
				BD9A10BA2015DD8900DBC209 /* Letter.h */,
				BDAA12E22015F39D00EE2458 /* Letter.m */,
				BD28605F2015FC68001E96B0 /* LetterManager.m */,
				BD2860612015FC81001E96B0 /* LetterManager.h */,
				BD0E5785201748C9006218CC /* LetterDelegate.h */,
			);
			path = LetterUtils;
			sourceTree = "<group>";
		};
		BD2CCF8320184EC100D852D6 /* GameScenes */ = {
			isa = PBXGroup;
			children = (
				BD9A10792015BF6000DBC209 /* GameScene.h */,
				BD9A107A2015BF6000DBC209 /* GameScene.m */,
				BD2CCF8420184EE400D852D6 /* TDGameScene.h */,
				BD2CCF8520184EF500D852D6 /* TDGameScene.m */,
			);
			path = GameScenes;
			sourceTree = "<group>";
		};
		BD2CCF8720184FCF00D852D6 /* TopDownPlane */ = {
			isa = PBXGroup;
			children = (
				BD2CCF8820184FE000D852D6 /* TopDownPlane.m */,
				BD2CCF8A20184FEA00D852D6 /* TopDownPlane.h */,
			);
			path = TopDownPlane;
			sourceTree = "<group>";
		};
		BD9A10662015BF6000DBC209 = {
			isa = PBXGroup;
			children = (
				BD9A10712015BF6000DBC209 /* Letter Mischief Madness */,
				BD9A10912015BF6100DBC209 /* Letter Mischief MadnessTests */,
				BD9A109C2015BF6100DBC209 /* Letter Mischief MadnessUITests */,
				BD9A10702015BF6000DBC209 /* Products */,
			);
			sourceTree = "<group>";
		};
		BD9A10702015BF6000DBC209 /* Products */ = {
			isa = PBXGroup;
			children = (
				BD9A106F2015BF6000DBC209 /* Letter Mischief Madness.app */,
				BD9A108E2015BF6100DBC209 /* Letter Mischief MadnessTests.xctest */,
				BD9A10992015BF6100DBC209 /* Letter Mischief MadnessUITests.xctest */,
			);
			name = Products;
			sourceTree = "<group>";
		};
		BD9A10712015BF6000DBC209 /* Letter Mischief Madness */ = {
			isa = PBXGroup;
			children = (
				BD9A10722015BF6000DBC209 /* AppDelegate.h */,
				BD9A10AE2015C28500DBC209 /* Utils */,
				BD9A10732015BF6000DBC209 /* AppDelegate.m */,
				BD28605E2015FC4F001E96B0 /* LetterUtils */,
				BDAA12D72015F04400EE2458 /* music_loops */,
				BDAA12CE2015EC3C00EE2458 /* SpawnPointManager.h */,
				BD9D44D620188942001D9745 /* MissileLaunchers */,
				BDD9A7A12017297100670EF1 /* WordManager */,
				BDD9A7A42017326600670EF1 /* Enemies */,
				BDD9A7A9201740C700670EF1 /* particle_emitters */,
				BD2CCF8720184FCF00D852D6 /* TopDownPlane */,
				BD2CCF8320184EC100D852D6 /* GameScenes */,
				BD9A107F2015BF6100DBC209 /* Main.storyboard */,
				BD9A10822015BF6100DBC209 /* Assets.xcassets */,
				BD9A10842015BF6100DBC209 /* LaunchScreen.storyboard */,
				BD9A10872015BF6100DBC209 /* Info.plist */,
				BD9A10882015BF6100DBC209 /* main.m */,
				BD9D44D520186713001D9745 /* GameViewControllers */,
				BD9A10AB2015C18F00DBC209 /* GKRandomDistribution+ScreenPoints.h */,
				BD9A10AC2015C18F00DBC209 /* GKRandomDistribution+ScreenPoints.m */,
				BD9D44DA20188F48001D9745 /* TopDownBGTiles.sks */,
				BD9D44DC20189173001D9745 /* TopDownBG1.sks */,
				BDAA12CB2015E28100EE2458 /* Cloud.h */,
				BDAA12CC2015E38100EE2458 /* Cloud.m */,
				BD9E89892016134F00A0EC06 /* Plan.rtf */,
			);
			path = "Letter Mischief Madness";
			sourceTree = "<group>";
		};
		BD9A10912015BF6100DBC209 /* Letter Mischief MadnessTests */ = {
			isa = PBXGroup;
			children = (
				BD9A10922015BF6100DBC209 /* Letter_Mischief_MadnessTests.m */,
				BD9A10942015BF6100DBC209 /* Info.plist */,
			);
			path = "Letter Mischief MadnessTests";
			sourceTree = "<group>";
		};
		BD9A109C2015BF6100DBC209 /* Letter Mischief MadnessUITests */ = {
			isa = PBXGroup;
			children = (
				BD9A109D2015BF6100DBC209 /* Letter_Mischief_MadnessUITests.m */,
				BD9A109F2015BF6100DBC209 /* Info.plist */,
			);
			path = "Letter Mischief MadnessUITests";
			sourceTree = "<group>";
		};
		BD9A10AE2015C28500DBC209 /* Utils */ = {
			isa = PBXGroup;
			children = (
				BD9A10AF2015C2A700DBC209 /* Constants.m */,
				BD9A10B12015C2B400DBC209 /* Constants.h */,
				BD9A10B22015C84200DBC209 /* RandomPointGenerator.h */,
				BD9A10B32015C85200DBC209 /* RandomPointGenerator.m */,
				BD9A10B52015CAFE00DBC209 /* ScreenConstants.h */,
				BD9A10B62015D1F000DBC209 /* NSString+StringHelperMethods.h */,
				BD9A10B72015D1F000DBC209 /* NSString+StringHelperMethods.m */,
				BD0E578720175629006218CC /* ContactBitMasks.h */,
			);
			path = Utils;
			sourceTree = "<group>";
		};
		BD9D44D520186713001D9745 /* GameViewControllers */ = {
			isa = PBXGroup;
			children = (
				BD9A107C2015BF6000DBC209 /* GameViewController.h */,
				BD9A107D2015BF6000DBC209 /* GameViewController.m */,
			);
			path = GameViewControllers;
			sourceTree = "<group>";
		};
		BD9D44D620188942001D9745 /* MissileLaunchers */ = {
			isa = PBXGroup;
			children = (
				BD9D44D72018895E001D9745 /* MissileLauncher.h */,
				BD9D44D820188973001D9745 /* MissileLauncher.m */,
			);
			path = MissileLaunchers;
			sourceTree = "<group>";
		};
		BDAA12D72015F04400EE2458 /* music_loops */ = {
			isa = PBXGroup;
			children = (
				BDAA12DE2015F32600EE2458 /* Mishief-Stroll.mp3 */,
				BDAA12DF2015F32600EE2458 /* Mission-Plausible.mp3 */,
			);
			path = music_loops;
			sourceTree = "<group>";
		};
		BDD9A7A12017297100670EF1 /* WordManager */ = {
			isa = PBXGroup;
			children = (
				BD9A10B92015DBBA00DBC209 /* WordManager.h */,
				BDD9A7A22017299200670EF1 /* WordManager.m */,
				BD9D44DE2018A478001D9745 /* WordManagerDataSource.h */,
				BDC33A0120199966004C7ED1 /* TargetWordArray.h */,
				BDC33A022019998C004C7ED1 /* TargetWordArray.m */,
				BDC33A042019A549004C7ED1 /* WordManagerDelegate.h */,
			);
			path = WordManager;
			sourceTree = "<group>";
		};
		BDD9A7A42017326600670EF1 /* Enemies */ = {
			isa = PBXGroup;
			children = (
				BDD9A7A52017327300670EF1 /* Spikeman.h */,
				BDD9A7A6201732A700670EF1 /* Spikeman.m */,
				BD0E5786201751FF006218CC /* EnemyType.h */,
			);
			path = Enemies;
			sourceTree = "<group>";
		};
		BDD9A7A9201740C700670EF1 /* particle_emitters */ = {
			isa = PBXGroup;
			children = (
				BDAA12D32015EDC900EE2458 /* smoke.sks */,
				BDAA12CF2015ED5900EE2458 /* stars.sks */,
				BDAA12D52015EDDB00EE2458 /* fire.sks */,
			);
			path = particle_emitters;
			sourceTree = "<group>";
		};
/* End PBXGroup section */

/* Begin PBXNativeTarget section */
		BD9A106E2015BF6000DBC209 /* Letter Mischief Madness */ = {
			isa = PBXNativeTarget;
			buildConfigurationList = BD9A10A22015BF6100DBC209 /* Build configuration list for PBXNativeTarget "Letter Mischief Madness" */;
			buildPhases = (
				BD9A106B2015BF6000DBC209 /* Sources */,
				BD9A106C2015BF6000DBC209 /* Frameworks */,
				BD9A106D2015BF6000DBC209 /* Resources */,
			);
			buildRules = (
			);
			dependencies = (
			);
			name = "Letter Mischief Madness";
			productName = "Letter Mischief Madness";
			productReference = BD9A106F2015BF6000DBC209 /* Letter Mischief Madness.app */;
			productType = "com.apple.product-type.application";
		};
		BD9A108D2015BF6100DBC209 /* Letter Mischief MadnessTests */ = {
			isa = PBXNativeTarget;
			buildConfigurationList = BD9A10A52015BF6100DBC209 /* Build configuration list for PBXNativeTarget "Letter Mischief MadnessTests" */;
			buildPhases = (
				BD9A108A2015BF6100DBC209 /* Sources */,
				BD9A108B2015BF6100DBC209 /* Frameworks */,
				BD9A108C2015BF6100DBC209 /* Resources */,
			);
			buildRules = (
			);
			dependencies = (
				BD9A10902015BF6100DBC209 /* PBXTargetDependency */,
			);
			name = "Letter Mischief MadnessTests";
			productName = "Letter Mischief MadnessTests";
			productReference = BD9A108E2015BF6100DBC209 /* Letter Mischief MadnessTests.xctest */;
			productType = "com.apple.product-type.bundle.unit-test";
		};
		BD9A10982015BF6100DBC209 /* Letter Mischief MadnessUITests */ = {
			isa = PBXNativeTarget;
			buildConfigurationList = BD9A10A82015BF6100DBC209 /* Build configuration list for PBXNativeTarget "Letter Mischief MadnessUITests" */;
			buildPhases = (
				BD9A10952015BF6100DBC209 /* Sources */,
				BD9A10962015BF6100DBC209 /* Frameworks */,
				BD9A10972015BF6100DBC209 /* Resources */,
			);
			buildRules = (
			);
			dependencies = (
				BD9A109B2015BF6100DBC209 /* PBXTargetDependency */,
			);
			name = "Letter Mischief MadnessUITests";
			productName = "Letter Mischief MadnessUITests";
			productReference = BD9A10992015BF6100DBC209 /* Letter Mischief MadnessUITests.xctest */;
			productType = "com.apple.product-type.bundle.ui-testing";
		};
/* End PBXNativeTarget section */

/* Begin PBXProject section */
		BD9A10672015BF6000DBC209 /* Project object */ = {
			isa = PBXProject;
			attributes = {
				LastUpgradeCheck = 0900;
				ORGANIZATIONNAME = "Aleksander Makedonski";
				TargetAttributes = {
					BD9A106E2015BF6000DBC209 = {
						CreatedOnToolsVersion = 9.0;
						ProvisioningStyle = Automatic;
					};
					BD9A108D2015BF6100DBC209 = {
						CreatedOnToolsVersion = 9.0;
						ProvisioningStyle = Automatic;
						TestTargetID = BD9A106E2015BF6000DBC209;
					};
					BD9A10982015BF6100DBC209 = {
						CreatedOnToolsVersion = 9.0;
						ProvisioningStyle = Automatic;
						TestTargetID = BD9A106E2015BF6000DBC209;
					};
				};
			};
			buildConfigurationList = BD9A106A2015BF6000DBC209 /* Build configuration list for PBXProject "Letter Mischief Madness" */;
			compatibilityVersion = "Xcode 8.0";
			developmentRegion = en;
			hasScannedForEncodings = 0;
			knownRegions = (
				en,
				Base,
			);
			mainGroup = BD9A10662015BF6000DBC209;
			productRefGroup = BD9A10702015BF6000DBC209 /* Products */;
			projectDirPath = "";
			projectRoot = "";
			targets = (
				BD9A106E2015BF6000DBC209 /* Letter Mischief Madness */,
				BD9A108D2015BF6100DBC209 /* Letter Mischief MadnessTests */,
				BD9A10982015BF6100DBC209 /* Letter Mischief MadnessUITests */,
			);
		};
/* End PBXProject section */

/* Begin PBXResourcesBuildPhase section */
		BD9A106D2015BF6000DBC209 /* Resources */ = {
			isa = PBXResourcesBuildPhase;
			buildActionMask = 2147483647;
			files = (
				BD9A10812015BF6100DBC209 /* Main.storyboard in Resources */,
				BDAA12D42015EDC900EE2458 /* smoke.sks in Resources */,
				BDAA12E02015F32F00EE2458 /* Mishief-Stroll.mp3 in Resources */,
				BD9D44DD20189173001D9745 /* TopDownBG1.sks in Resources */,
				BDAA12E12015F33200EE2458 /* Mission-Plausible.mp3 in Resources */,
				BDAA12D02015ED5900EE2458 /* stars.sks in Resources */,
				BD9A10832015BF6100DBC209 /* Assets.xcassets in Resources */,
				BD9D44DB20188F48001D9745 /* TopDownBGTiles.sks in Resources */,
				BD9A10862015BF6100DBC209 /* LaunchScreen.storyboard in Resources */,
				BDAA12D62015EDDB00EE2458 /* fire.sks in Resources */,
				BD9E898A2016134F00A0EC06 /* Plan.rtf in Resources */,
			);
			runOnlyForDeploymentPostprocessing = 0;
		};
		BD9A108C2015BF6100DBC209 /* Resources */ = {
			isa = PBXResourcesBuildPhase;
			buildActionMask = 2147483647;
			files = (
			);
			runOnlyForDeploymentPostprocessing = 0;
		};
		BD9A10972015BF6100DBC209 /* Resources */ = {
			isa = PBXResourcesBuildPhase;
			buildActionMask = 2147483647;
			files = (
			);
			runOnlyForDeploymentPostprocessing = 0;
		};
/* End PBXResourcesBuildPhase section */

/* Begin PBXSourcesBuildPhase section */
		BD9A106B2015BF6000DBC209 /* Sources */ = {
			isa = PBXSourcesBuildPhase;
			buildActionMask = 2147483647;
			files = (
				BD9A107B2015BF6000DBC209 /* GameScene.m in Sources */,
				BD9A107E2015BF6000DBC209 /* GameViewController.m in Sources */,
				BD2CCF8620184EF500D852D6 /* TDGameScene.m in Sources */,
				BD9A10892015BF6100DBC209 /* main.m in Sources */,
				BD9D44D920188973001D9745 /* MissileLauncher.m in Sources */,
				BDD9A7A32017299200670EF1 /* WordManager.m in Sources */,
				BD9A10742015BF6000DBC209 /* AppDelegate.m in Sources */,
				BD9A10B42015C85200DBC209 /* RandomPointGenerator.m in Sources */,
				BD9A10AD2015C18F00DBC209 /* GKRandomDistribution+ScreenPoints.m in Sources */,
				BD2860602015FC68001E96B0 /* LetterManager.m in Sources */,
				BD2CCF8920184FE000D852D6 /* TopDownPlane.m in Sources */,
				BDD9A7A7201732A700670EF1 /* Spikeman.m in Sources */,
				BDAA12CD2015E38100EE2458 /* Cloud.m in Sources */,
				BD9A10B02015C2A700DBC209 /* Constants.m in Sources */,
				BDC33A032019998C004C7ED1 /* TargetWordArray.m in Sources */,
				BD9A10B82015D1F000DBC209 /* NSString+StringHelperMethods.m in Sources */,
				BDAA12E32015F39D00EE2458 /* Letter.m in Sources */,
			);
			runOnlyForDeploymentPostprocessing = 0;
		};
		BD9A108A2015BF6100DBC209 /* Sources */ = {
			isa = PBXSourcesBuildPhase;
			buildActionMask = 2147483647;
			files = (
				BD9A10932015BF6100DBC209 /* Letter_Mischief_MadnessTests.m in Sources */,
			);
			runOnlyForDeploymentPostprocessing = 0;
		};
		BD9A10952015BF6100DBC209 /* Sources */ = {
			isa = PBXSourcesBuildPhase;
			buildActionMask = 2147483647;
			files = (
				BD9A109E2015BF6100DBC209 /* Letter_Mischief_MadnessUITests.m in Sources */,
			);
			runOnlyForDeploymentPostprocessing = 0;
		};
/* End PBXSourcesBuildPhase section */

/* Begin PBXTargetDependency section */
		BD9A10902015BF6100DBC209 /* PBXTargetDependency */ = {
			isa = PBXTargetDependency;
			target = BD9A106E2015BF6000DBC209 /* Letter Mischief Madness */;
			targetProxy = BD9A108F2015BF6100DBC209 /* PBXContainerItemProxy */;
		};
		BD9A109B2015BF6100DBC209 /* PBXTargetDependency */ = {
			isa = PBXTargetDependency;
			target = BD9A106E2015BF6000DBC209 /* Letter Mischief Madness */;
			targetProxy = BD9A109A2015BF6100DBC209 /* PBXContainerItemProxy */;
		};
/* End PBXTargetDependency section */

/* Begin PBXVariantGroup section */
		BD9A107F2015BF6100DBC209 /* Main.storyboard */ = {
			isa = PBXVariantGroup;
			children = (
				BD9A10802015BF6100DBC209 /* Base */,
			);
			name = Main.storyboard;
			sourceTree = "<group>";
		};
		BD9A10842015BF6100DBC209 /* LaunchScreen.storyboard */ = {
			isa = PBXVariantGroup;
			children = (
				BD9A10852015BF6100DBC209 /* Base */,
			);
			name = LaunchScreen.storyboard;
			sourceTree = "<group>";
		};
/* End PBXVariantGroup section */

/* Begin XCBuildConfiguration section */
		BD9A10A02015BF6100DBC209 /* Debug */ = {
			isa = XCBuildConfiguration;
			buildSettings = {
				ALWAYS_SEARCH_USER_PATHS = NO;
				CLANG_ANALYZER_NONNULL = YES;
				CLANG_ANALYZER_NUMBER_OBJECT_CONVERSION = YES_AGGRESSIVE;
				CLANG_CXX_LANGUAGE_STANDARD = "gnu++14";
				CLANG_CXX_LIBRARY = "libc++";
				CLANG_ENABLE_MODULES = YES;
				CLANG_ENABLE_OBJC_ARC = YES;
				CLANG_WARN_BLOCK_CAPTURE_AUTORELEASING = YES;
				CLANG_WARN_BOOL_CONVERSION = YES;
				CLANG_WARN_COMMA = YES;
				CLANG_WARN_CONSTANT_CONVERSION = YES;
				CLANG_WARN_DIRECT_OBJC_ISA_USAGE = YES_ERROR;
				CLANG_WARN_DOCUMENTATION_COMMENTS = YES;
				CLANG_WARN_EMPTY_BODY = YES;
				CLANG_WARN_ENUM_CONVERSION = YES;
				CLANG_WARN_INFINITE_RECURSION = YES;
				CLANG_WARN_INT_CONVERSION = YES;
				CLANG_WARN_NON_LITERAL_NULL_CONVERSION = YES;
				CLANG_WARN_OBJC_LITERAL_CONVERSION = YES;
				CLANG_WARN_OBJC_ROOT_CLASS = YES_ERROR;
				CLANG_WARN_RANGE_LOOP_ANALYSIS = YES;
				CLANG_WARN_STRICT_PROTOTYPES = YES;
				CLANG_WARN_SUSPICIOUS_MOVE = YES;
				CLANG_WARN_UNGUARDED_AVAILABILITY = YES_AGGRESSIVE;
				CLANG_WARN_UNREACHABLE_CODE = YES;
				CLANG_WARN__DUPLICATE_METHOD_MATCH = YES;
				CODE_SIGN_IDENTITY = "iPhone Developer";
				COPY_PHASE_STRIP = NO;
				DEBUG_INFORMATION_FORMAT = dwarf;
				ENABLE_STRICT_OBJC_MSGSEND = YES;
				ENABLE_TESTABILITY = YES;
				GCC_C_LANGUAGE_STANDARD = gnu11;
				GCC_DYNAMIC_NO_PIC = NO;
				GCC_NO_COMMON_BLOCKS = YES;
				GCC_OPTIMIZATION_LEVEL = 0;
				GCC_PREPROCESSOR_DEFINITIONS = (
					"DEBUG=1",
					"$(inherited)",
				);
				GCC_WARN_64_TO_32_BIT_CONVERSION = YES;
				GCC_WARN_ABOUT_RETURN_TYPE = YES_ERROR;
				GCC_WARN_UNDECLARED_SELECTOR = YES;
				GCC_WARN_UNINITIALIZED_AUTOS = YES_AGGRESSIVE;
				GCC_WARN_UNUSED_FUNCTION = YES;
				GCC_WARN_UNUSED_VARIABLE = YES;
				IPHONEOS_DEPLOYMENT_TARGET = 11.0;
				MTL_ENABLE_DEBUG_INFO = YES;
				ONLY_ACTIVE_ARCH = YES;
				SDKROOT = iphoneos;
			};
			name = Debug;
		};
		BD9A10A12015BF6100DBC209 /* Release */ = {
			isa = XCBuildConfiguration;
			buildSettings = {
				ALWAYS_SEARCH_USER_PATHS = NO;
				CLANG_ANALYZER_NONNULL = YES;
				CLANG_ANALYZER_NUMBER_OBJECT_CONVERSION = YES_AGGRESSIVE;
				CLANG_CXX_LANGUAGE_STANDARD = "gnu++14";
				CLANG_CXX_LIBRARY = "libc++";
				CLANG_ENABLE_MODULES = YES;
				CLANG_ENABLE_OBJC_ARC = YES;
				CLANG_WARN_BLOCK_CAPTURE_AUTORELEASING = YES;
				CLANG_WARN_BOOL_CONVERSION = YES;
				CLANG_WARN_COMMA = YES;
				CLANG_WARN_CONSTANT_CONVERSION = YES;
				CLANG_WARN_DIRECT_OBJC_ISA_USAGE = YES_ERROR;
				CLANG_WARN_DOCUMENTATION_COMMENTS = YES;
				CLANG_WARN_EMPTY_BODY = YES;
				CLANG_WARN_ENUM_CONVERSION = YES;
				CLANG_WARN_INFINITE_RECURSION = YES;
				CLANG_WARN_INT_CONVERSION = YES;
				CLANG_WARN_NON_LITERAL_NULL_CONVERSION = YES;
				CLANG_WARN_OBJC_LITERAL_CONVERSION = YES;
				CLANG_WARN_OBJC_ROOT_CLASS = YES_ERROR;
				CLANG_WARN_RANGE_LOOP_ANALYSIS = YES;
				CLANG_WARN_STRICT_PROTOTYPES = YES;
				CLANG_WARN_SUSPICIOUS_MOVE = YES;
				CLANG_WARN_UNGUARDED_AVAILABILITY = YES_AGGRESSIVE;
				CLANG_WARN_UNREACHABLE_CODE = YES;
				CLANG_WARN__DUPLICATE_METHOD_MATCH = YES;
				CODE_SIGN_IDENTITY = "iPhone Developer";
				COPY_PHASE_STRIP = NO;
				DEBUG_INFORMATION_FORMAT = "dwarf-with-dsym";
				ENABLE_NS_ASSERTIONS = NO;
				ENABLE_STRICT_OBJC_MSGSEND = YES;
				GCC_C_LANGUAGE_STANDARD = gnu11;
				GCC_NO_COMMON_BLOCKS = YES;
				GCC_WARN_64_TO_32_BIT_CONVERSION = YES;
				GCC_WARN_ABOUT_RETURN_TYPE = YES_ERROR;
				GCC_WARN_UNDECLARED_SELECTOR = YES;
				GCC_WARN_UNINITIALIZED_AUTOS = YES_AGGRESSIVE;
				GCC_WARN_UNUSED_FUNCTION = YES;
				GCC_WARN_UNUSED_VARIABLE = YES;
				IPHONEOS_DEPLOYMENT_TARGET = 11.0;
				MTL_ENABLE_DEBUG_INFO = NO;
				SDKROOT = iphoneos;
				VALIDATE_PRODUCT = YES;
			};
			name = Release;
		};
		BD9A10A32015BF6100DBC209 /* Debug */ = {
			isa = XCBuildConfiguration;
			buildSettings = {
				ASSETCATALOG_COMPILER_APPICON_NAME = AppIcon;
				CODE_SIGN_STYLE = Automatic;
				DEVELOPMENT_TEAM = T9J39WJJ9G;
				INFOPLIST_FILE = "Letter Mischief Madness/Info.plist";
				LD_RUNPATH_SEARCH_PATHS = "$(inherited) @executable_path/Frameworks";
				PRODUCT_BUNDLE_IDENTIFIER = "ChangzhouPanda.Letter-Mischief-Madness";
				PRODUCT_NAME = "$(TARGET_NAME)";
				TARGETED_DEVICE_FAMILY = "1,2";
			};
			name = Debug;
		};
		BD9A10A42015BF6100DBC209 /* Release */ = {
			isa = XCBuildConfiguration;
			buildSettings = {
				ASSETCATALOG_COMPILER_APPICON_NAME = AppIcon;
				CODE_SIGN_STYLE = Automatic;
				DEVELOPMENT_TEAM = T9J39WJJ9G;
				INFOPLIST_FILE = "Letter Mischief Madness/Info.plist";
				LD_RUNPATH_SEARCH_PATHS = "$(inherited) @executable_path/Frameworks";
				PRODUCT_BUNDLE_IDENTIFIER = "ChangzhouPanda.Letter-Mischief-Madness";
				PRODUCT_NAME = "$(TARGET_NAME)";
				TARGETED_DEVICE_FAMILY = "1,2";
			};
			name = Release;
		};
		BD9A10A62015BF6100DBC209 /* Debug */ = {
			isa = XCBuildConfiguration;
			buildSettings = {
				BUNDLE_LOADER = "$(TEST_HOST)";
				CODE_SIGN_STYLE = Automatic;
				INFOPLIST_FILE = "Letter Mischief MadnessTests/Info.plist";
				LD_RUNPATH_SEARCH_PATHS = "$(inherited) @executable_path/Frameworks @loader_path/Frameworks";
				PRODUCT_BUNDLE_IDENTIFIER = "ChangzhouPanda.Letter-Mischief-MadnessTests";
				PRODUCT_NAME = "$(TARGET_NAME)";
				TARGETED_DEVICE_FAMILY = "1,2";
				TEST_HOST = "$(BUILT_PRODUCTS_DIR)/Letter Mischief Madness.app/Letter Mischief Madness";
			};
			name = Debug;
		};
		BD9A10A72015BF6100DBC209 /* Release */ = {
			isa = XCBuildConfiguration;
			buildSettings = {
				BUNDLE_LOADER = "$(TEST_HOST)";
				CODE_SIGN_STYLE = Automatic;
				INFOPLIST_FILE = "Letter Mischief MadnessTests/Info.plist";
				LD_RUNPATH_SEARCH_PATHS = "$(inherited) @executable_path/Frameworks @loader_path/Frameworks";
				PRODUCT_BUNDLE_IDENTIFIER = "ChangzhouPanda.Letter-Mischief-MadnessTests";
				PRODUCT_NAME = "$(TARGET_NAME)";
				TARGETED_DEVICE_FAMILY = "1,2";
				TEST_HOST = "$(BUILT_PRODUCTS_DIR)/Letter Mischief Madness.app/Letter Mischief Madness";
			};
			name = Release;
		};
		BD9A10A92015BF6100DBC209 /* Debug */ = {
			isa = XCBuildConfiguration;
			buildSettings = {
				CODE_SIGN_STYLE = Automatic;
				INFOPLIST_FILE = "Letter Mischief MadnessUITests/Info.plist";
				LD_RUNPATH_SEARCH_PATHS = "$(inherited) @executable_path/Frameworks @loader_path/Frameworks";
				PRODUCT_BUNDLE_IDENTIFIER = "ChangzhouPanda.Letter-Mischief-MadnessUITests";
				PRODUCT_NAME = "$(TARGET_NAME)";
				TARGETED_DEVICE_FAMILY = "1,2";
				TEST_TARGET_NAME = "Letter Mischief Madness";
			};
			name = Debug;
		};
		BD9A10AA2015BF6100DBC209 /* Release */ = {
			isa = XCBuildConfiguration;
			buildSettings = {
				CODE_SIGN_STYLE = Automatic;
				INFOPLIST_FILE = "Letter Mischief MadnessUITests/Info.plist";
				LD_RUNPATH_SEARCH_PATHS = "$(inherited) @executable_path/Frameworks @loader_path/Frameworks";
				PRODUCT_BUNDLE_IDENTIFIER = "ChangzhouPanda.Letter-Mischief-MadnessUITests";
				PRODUCT_NAME = "$(TARGET_NAME)";
				TARGETED_DEVICE_FAMILY = "1,2";
				TEST_TARGET_NAME = "Letter Mischief Madness";
			};
			name = Release;
		};
/* End XCBuildConfiguration section */

/* Begin XCConfigurationList section */
		BD9A106A2015BF6000DBC209 /* Build configuration list for PBXProject "Letter Mischief Madness" */ = {
			isa = XCConfigurationList;
			buildConfigurations = (
				BD9A10A02015BF6100DBC209 /* Debug */,
				BD9A10A12015BF6100DBC209 /* Release */,
			);
			defaultConfigurationIsVisible = 0;
			defaultConfigurationName = Release;
		};
		BD9A10A22015BF6100DBC209 /* Build configuration list for PBXNativeTarget "Letter Mischief Madness" */ = {
			isa = XCConfigurationList;
			buildConfigurations = (
				BD9A10A32015BF6100DBC209 /* Debug */,
				BD9A10A42015BF6100DBC209 /* Release */,
			);
			defaultConfigurationIsVisible = 0;
			defaultConfigurationName = Release;
		};
		BD9A10A52015BF6100DBC209 /* Build configuration list for PBXNativeTarget "Letter Mischief MadnessTests" */ = {
			isa = XCConfigurationList;
			buildConfigurations = (
				BD9A10A62015BF6100DBC209 /* Debug */,
				BD9A10A72015BF6100DBC209 /* Release */,
			);
			defaultConfigurationIsVisible = 0;
			defaultConfigurationName = Release;
		};
		BD9A10A82015BF6100DBC209 /* Build configuration list for PBXNativeTarget "Letter Mischief MadnessUITests" */ = {
			isa = XCConfigurationList;
			buildConfigurations = (
				BD9A10A92015BF6100DBC209 /* Debug */,
				BD9A10AA2015BF6100DBC209 /* Release */,
			);
			defaultConfigurationIsVisible = 0;
			defaultConfigurationName = Release;
		};
/* End XCConfigurationList section */
	};
	rootObject = BD9A10672015BF6000DBC209 /* Project object */;
}
